// !$*UTF8*$!
{
	archiveVersion = 1;
	classes = {
	};
	objectVersion = 56;
	objects = {

/* Begin PBXBuildFile section */
		F92FFE3329FE8BCD00E02D89 /* NSImage+Extension.swift in Sources */ = {isa = PBXBuildFile; fileRef = F92FFE3229FE8BCD00E02D89 /* NSImage+Extension.swift */; };
		F9411C1429E3EE41006B7BEC /* DashboardView.swift in Sources */ = {isa = PBXBuildFile; fileRef = F9411C1329E3EE41006B7BEC /* DashboardView.swift */; };
		F9411C1729E3F6D0006B7BEC /* SwiftPieChart in Frameworks */ = {isa = PBXBuildFile; productRef = F9411C1629E3F6D0006B7BEC /* SwiftPieChart */; };
		F96C47BD29E0118400A0FC30 /* CattleDashboardApp.swift in Sources */ = {isa = PBXBuildFile; fileRef = F96C47BC29E0118400A0FC30 /* CattleDashboardApp.swift */; };
		F96C47BF29E0118400A0FC30 /* ContentView.swift in Sources */ = {isa = PBXBuildFile; fileRef = F96C47BE29E0118400A0FC30 /* ContentView.swift */; };
		F96C47C129E0118500A0FC30 /* Assets.xcassets in Resources */ = {isa = PBXBuildFile; fileRef = F96C47C029E0118500A0FC30 /* Assets.xcassets */; };
		F96C47C429E0118500A0FC30 /* Preview Assets.xcassets in Resources */ = {isa = PBXBuildFile; fileRef = F96C47C329E0118500A0FC30 /* Preview Assets.xcassets */; };
		F96C47CC29E011FA00A0FC30 /* XMLCoder in Frameworks */ = {isa = PBXBuildFile; productRef = F96C47CB29E011FA00A0FC30 /* XMLCoder */; };
		F96C47D229E0149700A0FC30 /* APIServiceKey.plist in Resources */ = {isa = PBXBuildFile; fileRef = F96C47D129E0149700A0FC30 /* APIServiceKey.plist */; };
		F96C47D429E0152C00A0FC30 /* Bundle+Extension.swift in Sources */ = {isa = PBXBuildFile; fileRef = F96C47D329E0152C00A0FC30 /* Bundle+Extension.swift */; };
		F96C47EE29E02F1C00A0FC30 /* HistoryDataManager.swift in Sources */ = {isa = PBXBuildFile; fileRef = F96C47ED29E02F1C00A0FC30 /* HistoryDataManager.swift */; };
		F96C47F029E02F5500A0FC30 /* Model.swift in Sources */ = {isa = PBXBuildFile; fileRef = F96C47EF29E02F5500A0FC30 /* Model.swift */; };
		F99B360C29F0713E00ECC247 /* Date+Extension.swift in Sources */ = {isa = PBXBuildFile; fileRef = F99B360B29F0713E00ECC247 /* Date+Extension.swift */; };
		F99B360E29F0853700ECC247 /* Color+Extension.swift in Sources */ = {isa = PBXBuildFile; fileRef = F99B360D29F0853700ECC247 /* Color+Extension.swift */; };
		F99B361029F0910000ECC247 /* Font+Extension.swift in Sources */ = {isa = PBXBuildFile; fileRef = F99B360F29F0910000ECC247 /* Font+Extension.swift */; };
		F9B282D229E95558000968A2 /* PriceDataManager.swift in Sources */ = {isa = PBXBuildFile; fileRef = F9B282D129E95558000968A2 /* PriceDataManager.swift */; };
		F9B282D429E955DD000968A2 /* PriceModel.swift in Sources */ = {isa = PBXBuildFile; fileRef = F9B282D329E955DD000968A2 /* PriceModel.swift */; };
		F9B282D629E9564F000968A2 /* TestContentView.swift in Sources */ = {isa = PBXBuildFile; fileRef = F9B282D529E9564F000968A2 /* TestContentView.swift */; };
		F9E1F29F29F9441500F1A1E4 /* FirebaseFirestore in Frameworks */ = {isa = PBXBuildFile; productRef = F9E1F29E29F9441500F1A1E4 /* FirebaseFirestore */; };
		F9E1F2A129F9441500F1A1E4 /* FirebaseFirestoreCombine-Community in Frameworks */ = {isa = PBXBuildFile; productRef = F9E1F2A029F9441500F1A1E4 /* FirebaseFirestoreCombine-Community */; };
		F9E1F2A329F9441500F1A1E4 /* FirebaseFirestoreSwift in Frameworks */ = {isa = PBXBuildFile; productRef = F9E1F2A229F9441500F1A1E4 /* FirebaseFirestoreSwift */; };
		F9E1F2A529F9441500F1A1E4 /* FirebaseStorage in Frameworks */ = {isa = PBXBuildFile; productRef = F9E1F2A429F9441500F1A1E4 /* FirebaseStorage */; };
		F9E1F2A729F9441500F1A1E4 /* FirebaseStorageCombine-Community in Frameworks */ = {isa = PBXBuildFile; productRef = F9E1F2A629F9441500F1A1E4 /* FirebaseStorageCombine-Community */; };
		F9E1F2A929F9444000F1A1E4 /* GoogleService-Info.plist in Resources */ = {isa = PBXBuildFile; fileRef = F9E1F2A829F9444000F1A1E4 /* GoogleService-Info.plist */; };
		F9E1F2AB29F95DC700F1A1E4 /* CattleModel.swift in Sources */ = {isa = PBXBuildFile; fileRef = F9E1F2AA29F95DC700F1A1E4 /* CattleModel.swift */; };
		F9E1F2AD29F9900300F1A1E4 /* InfoModel.swift in Sources */ = {isa = PBXBuildFile; fileRef = F9E1F2AC29F9900300F1A1E4 /* InfoModel.swift */; };
		F9E1F2AF29F991C400F1A1E4 /* InfoViewModel.swift in Sources */ = {isa = PBXBuildFile; fileRef = F9E1F2AE29F991C400F1A1E4 /* InfoViewModel.swift */; };
/* End PBXBuildFile section */

/* Begin PBXFileReference section */
		F92FFE3229FE8BCD00E02D89 /* NSImage+Extension.swift */ = {isa = PBXFileReference; lastKnownFileType = sourcecode.swift; path = "NSImage+Extension.swift"; sourceTree = "<group>"; };
		F9411C1329E3EE41006B7BEC /* DashboardView.swift */ = {isa = PBXFileReference; lastKnownFileType = sourcecode.swift; path = DashboardView.swift; sourceTree = "<group>"; };
		F96C47B929E0118400A0FC30 /* CattleDashboard.app */ = {isa = PBXFileReference; explicitFileType = wrapper.application; includeInIndex = 0; path = CattleDashboard.app; sourceTree = BUILT_PRODUCTS_DIR; };
		F96C47BC29E0118400A0FC30 /* CattleDashboardApp.swift */ = {isa = PBXFileReference; lastKnownFileType = sourcecode.swift; path = CattleDashboardApp.swift; sourceTree = "<group>"; };
		F96C47BE29E0118400A0FC30 /* ContentView.swift */ = {isa = PBXFileReference; lastKnownFileType = sourcecode.swift; path = ContentView.swift; sourceTree = "<group>"; };
		F96C47C029E0118500A0FC30 /* Assets.xcassets */ = {isa = PBXFileReference; lastKnownFileType = folder.assetcatalog; path = Assets.xcassets; sourceTree = "<group>"; };
		F96C47C329E0118500A0FC30 /* Preview Assets.xcassets */ = {isa = PBXFileReference; lastKnownFileType = folder.assetcatalog; path = "Preview Assets.xcassets"; sourceTree = "<group>"; };
		F96C47D129E0149700A0FC30 /* APIServiceKey.plist */ = {isa = PBXFileReference; lastKnownFileType = text.plist.xml; path = APIServiceKey.plist; sourceTree = "<group>"; };
		F96C47D329E0152C00A0FC30 /* Bundle+Extension.swift */ = {isa = PBXFileReference; lastKnownFileType = sourcecode.swift; path = "Bundle+Extension.swift"; sourceTree = "<group>"; };
		F96C47ED29E02F1C00A0FC30 /* HistoryDataManager.swift */ = {isa = PBXFileReference; lastKnownFileType = sourcecode.swift; path = HistoryDataManager.swift; sourceTree = "<group>"; };
		F96C47EF29E02F5500A0FC30 /* Model.swift */ = {isa = PBXFileReference; lastKnownFileType = sourcecode.swift; path = Model.swift; sourceTree = "<group>"; };
		F99B360B29F0713E00ECC247 /* Date+Extension.swift */ = {isa = PBXFileReference; lastKnownFileType = sourcecode.swift; path = "Date+Extension.swift"; sourceTree = "<group>"; };
		F99B360D29F0853700ECC247 /* Color+Extension.swift */ = {isa = PBXFileReference; lastKnownFileType = sourcecode.swift; path = "Color+Extension.swift"; sourceTree = "<group>"; };
		F99B360F29F0910000ECC247 /* Font+Extension.swift */ = {isa = PBXFileReference; lastKnownFileType = sourcecode.swift; path = "Font+Extension.swift"; sourceTree = "<group>"; };
		F9B282D129E95558000968A2 /* PriceDataManager.swift */ = {isa = PBXFileReference; lastKnownFileType = sourcecode.swift; path = PriceDataManager.swift; sourceTree = "<group>"; };
		F9B282D329E955DD000968A2 /* PriceModel.swift */ = {isa = PBXFileReference; lastKnownFileType = sourcecode.swift; path = PriceModel.swift; sourceTree = "<group>"; };
		F9B282D529E9564F000968A2 /* TestContentView.swift */ = {isa = PBXFileReference; lastKnownFileType = sourcecode.swift; path = TestContentView.swift; sourceTree = "<group>"; };
		F9B282D729E95886000968A2 /* Info.plist */ = {isa = PBXFileReference; lastKnownFileType = text.plist; path = Info.plist; sourceTree = "<group>"; };
		F9E1F2A829F9444000F1A1E4 /* GoogleService-Info.plist */ = {isa = PBXFileReference; fileEncoding = 4; lastKnownFileType = text.plist.xml; path = "GoogleService-Info.plist"; sourceTree = "<group>"; };
		F9E1F2AA29F95DC700F1A1E4 /* CattleModel.swift */ = {isa = PBXFileReference; lastKnownFileType = sourcecode.swift; path = CattleModel.swift; sourceTree = "<group>"; };
		F9E1F2AC29F9900300F1A1E4 /* InfoModel.swift */ = {isa = PBXFileReference; lastKnownFileType = sourcecode.swift; path = InfoModel.swift; sourceTree = "<group>"; };
		F9E1F2AE29F991C400F1A1E4 /* InfoViewModel.swift */ = {isa = PBXFileReference; lastKnownFileType = sourcecode.swift; path = InfoViewModel.swift; sourceTree = "<group>"; };
/* End PBXFileReference section */

/* Begin PBXFrameworksBuildPhase section */
		F96C47B629E0118400A0FC30 /* Frameworks */ = {
			isa = PBXFrameworksBuildPhase;
			buildActionMask = 2147483647;
			files = (
				F9E1F2A329F9441500F1A1E4 /* FirebaseFirestoreSwift in Frameworks */,
				F9E1F2A729F9441500F1A1E4 /* FirebaseStorageCombine-Community in Frameworks */,
				F9411C1729E3F6D0006B7BEC /* SwiftPieChart in Frameworks */,
				F9E1F2A129F9441500F1A1E4 /* FirebaseFirestoreCombine-Community in Frameworks */,
				F96C47CC29E011FA00A0FC30 /* XMLCoder in Frameworks */,
				F9E1F29F29F9441500F1A1E4 /* FirebaseFirestore in Frameworks */,
				F9E1F2A529F9441500F1A1E4 /* FirebaseStorage in Frameworks */,
			);
			runOnlyForDeploymentPostprocessing = 0;
		};
/* End PBXFrameworksBuildPhase section */

/* Begin PBXGroup section */
		F96C47B029E0118400A0FC30 = {
			isa = PBXGroup;
			children = (
				F96C47BB29E0118400A0FC30 /* CattleDashboard */,
				F96C47BA29E0118400A0FC30 /* Products */,
			);
			sourceTree = "<group>";
		};
		F96C47BA29E0118400A0FC30 /* Products */ = {
			isa = PBXGroup;
			children = (
				F96C47B929E0118400A0FC30 /* CattleDashboard.app */,
			);
			name = Products;
			sourceTree = "<group>";
		};
		F96C47BB29E0118400A0FC30 /* CattleDashboard */ = {
			isa = PBXGroup;
			children = (
				F9E1F2A829F9444000F1A1E4 /* GoogleService-Info.plist */,
				F9B282D729E95886000968A2 /* Info.plist */,
				F96C47BC29E0118400A0FC30 /* CattleDashboardApp.swift */,
				F96C47BE29E0118400A0FC30 /* ContentView.swift */,
				F9B282D529E9564F000968A2 /* TestContentView.swift */,
				F9411C1329E3EE41006B7BEC /* DashboardView.swift */,
				F96C47ED29E02F1C00A0FC30 /* HistoryDataManager.swift */,
				F9E1F2AC29F9900300F1A1E4 /* InfoModel.swift */,
				F9E1F2AE29F991C400F1A1E4 /* InfoViewModel.swift */,
				F92FFE3229FE8BCD00E02D89 /* NSImage+Extension.swift */,
				F9B282D129E95558000968A2 /* PriceDataManager.swift */,
				F96C47EF29E02F5500A0FC30 /* Model.swift */,
				F9E1F2AA29F95DC700F1A1E4 /* CattleModel.swift */,
				F99B360B29F0713E00ECC247 /* Date+Extension.swift */,
				F99B360F29F0910000ECC247 /* Font+Extension.swift */,
				F99B360D29F0853700ECC247 /* Color+Extension.swift */,
				F9B282D329E955DD000968A2 /* PriceModel.swift */,
				F96C47D129E0149700A0FC30 /* APIServiceKey.plist */,
				F96C47D329E0152C00A0FC30 /* Bundle+Extension.swift */,
				F96C47C029E0118500A0FC30 /* Assets.xcassets */,
				F96C47C229E0118500A0FC30 /* Preview Content */,
			);
			path = CattleDashboard;
			sourceTree = "<group>";
		};
		F96C47C229E0118500A0FC30 /* Preview Content */ = {
			isa = PBXGroup;
			children = (
				F96C47C329E0118500A0FC30 /* Preview Assets.xcassets */,
			);
			path = "Preview Content";
			sourceTree = "<group>";
		};
/* End PBXGroup section */

/* Begin PBXNativeTarget section */
		F96C47B829E0118400A0FC30 /* CattleDashboard */ = {
			isa = PBXNativeTarget;
			buildConfigurationList = F96C47C729E0118500A0FC30 /* Build configuration list for PBXNativeTarget "CattleDashboard" */;
			buildPhases = (
				F96C47B529E0118400A0FC30 /* Sources */,
				F96C47B629E0118400A0FC30 /* Frameworks */,
				F96C47B729E0118400A0FC30 /* Resources */,
			);
			buildRules = (
			);
			dependencies = (
			);
			name = CattleDashboard;
			packageProductDependencies = (
				F96C47CB29E011FA00A0FC30 /* XMLCoder */,
				F9411C1629E3F6D0006B7BEC /* SwiftPieChart */,
				F9E1F29E29F9441500F1A1E4 /* FirebaseFirestore */,
				F9E1F2A029F9441500F1A1E4 /* FirebaseFirestoreCombine-Community */,
				F9E1F2A229F9441500F1A1E4 /* FirebaseFirestoreSwift */,
				F9E1F2A429F9441500F1A1E4 /* FirebaseStorage */,
				F9E1F2A629F9441500F1A1E4 /* FirebaseStorageCombine-Community */,
			);
			productName = CattleDashboard;
			productReference = F96C47B929E0118400A0FC30 /* CattleDashboard.app */;
			productType = "com.apple.product-type.application";
		};
/* End PBXNativeTarget section */

/* Begin PBXProject section */
		F96C47B129E0118400A0FC30 /* Project object */ = {
			isa = PBXProject;
			attributes = {
				BuildIndependentTargetsInParallel = 1;
				LastSwiftUpdateCheck = 1420;
				LastUpgradeCheck = 1420;
				TargetAttributes = {
					F96C47B829E0118400A0FC30 = {
						CreatedOnToolsVersion = 14.2;
					};
				};
			};
			buildConfigurationList = F96C47B429E0118400A0FC30 /* Build configuration list for PBXProject "CattleDashboard" */;
			compatibilityVersion = "Xcode 14.0";
			developmentRegion = en;
			hasScannedForEncodings = 0;
			knownRegions = (
				en,
				Base,
			);
			mainGroup = F96C47B029E0118400A0FC30;
			packageReferences = (
				F96C47CA29E011FA00A0FC30 /* XCRemoteSwiftPackageReference "XMLCoder" */,
				F9411C1529E3F6D0006B7BEC /* XCRemoteSwiftPackageReference "SwiftPieChart" */,
				F9E1F29D29F9441500F1A1E4 /* XCRemoteSwiftPackageReference "firebase-ios-sdk" */,
			);
			productRefGroup = F96C47BA29E0118400A0FC30 /* Products */;
			projectDirPath = "";
			projectRoot = "";
			targets = (
				F96C47B829E0118400A0FC30 /* CattleDashboard */,
			);
		};
/* End PBXProject section */

/* Begin PBXResourcesBuildPhase section */
		F96C47B729E0118400A0FC30 /* Resources */ = {
			isa = PBXResourcesBuildPhase;
			buildActionMask = 2147483647;
			files = (
				F96C47C429E0118500A0FC30 /* Preview Assets.xcassets in Resources */,
				F9E1F2A929F9444000F1A1E4 /* GoogleService-Info.plist in Resources */,
				F96C47C129E0118500A0FC30 /* Assets.xcassets in Resources */,
				F96C47D229E0149700A0FC30 /* APIServiceKey.plist in Resources */,
			);
			runOnlyForDeploymentPostprocessing = 0;
		};
/* End PBXResourcesBuildPhase section */

/* Begin PBXSourcesBuildPhase section */
		F96C47B529E0118400A0FC30 /* Sources */ = {
			isa = PBXSourcesBuildPhase;
			buildActionMask = 2147483647;
			files = (
				F96C47F029E02F5500A0FC30 /* Model.swift in Sources */,
				F9411C1429E3EE41006B7BEC /* DashboardView.swift in Sources */,
				F99B361029F0910000ECC247 /* Font+Extension.swift in Sources */,
				F96C47BF29E0118400A0FC30 /* ContentView.swift in Sources */,
				F96C47EE29E02F1C00A0FC30 /* HistoryDataManager.swift in Sources */,
				F9E1F2AF29F991C400F1A1E4 /* InfoViewModel.swift in Sources */,
				F96C47D429E0152C00A0FC30 /* Bundle+Extension.swift in Sources */,
				F9E1F2AB29F95DC700F1A1E4 /* CattleModel.swift in Sources */,
				F99B360C29F0713E00ECC247 /* Date+Extension.swift in Sources */,
				F96C47BD29E0118400A0FC30 /* CattleDashboardApp.swift in Sources */,
				F9B282D229E95558000968A2 /* PriceDataManager.swift in Sources */,
				F9B282D429E955DD000968A2 /* PriceModel.swift in Sources */,
				F9E1F2AD29F9900300F1A1E4 /* InfoModel.swift in Sources */,
				F99B360E29F0853700ECC247 /* Color+Extension.swift in Sources */,
				F92FFE3329FE8BCD00E02D89 /* NSImage+Extension.swift in Sources */,
				F9B282D629E9564F000968A2 /* TestContentView.swift in Sources */,
			);
			runOnlyForDeploymentPostprocessing = 0;
		};
/* End PBXSourcesBuildPhase section */

/* Begin XCBuildConfiguration section */
		F96C47C529E0118500A0FC30 /* Debug */ = {
			isa = XCBuildConfiguration;
			buildSettings = {
				ALWAYS_SEARCH_USER_PATHS = NO;
				CLANG_ANALYZER_NONNULL = YES;
				CLANG_ANALYZER_NUMBER_OBJECT_CONVERSION = YES_AGGRESSIVE;
				CLANG_CXX_LANGUAGE_STANDARD = "gnu++20";
				CLANG_ENABLE_MODULES = YES;
				CLANG_ENABLE_OBJC_ARC = YES;
				CLANG_ENABLE_OBJC_WEAK = YES;
				CLANG_WARN_BLOCK_CAPTURE_AUTORELEASING = YES;
				CLANG_WARN_BOOL_CONVERSION = YES;
				CLANG_WARN_COMMA = YES;
				CLANG_WARN_CONSTANT_CONVERSION = YES;
				CLANG_WARN_DEPRECATED_OBJC_IMPLEMENTATIONS = YES;
				CLANG_WARN_DIRECT_OBJC_ISA_USAGE = YES_ERROR;
				CLANG_WARN_DOCUMENTATION_COMMENTS = YES;
				CLANG_WARN_EMPTY_BODY = YES;
				CLANG_WARN_ENUM_CONVERSION = YES;
				CLANG_WARN_INFINITE_RECURSION = YES;
				CLANG_WARN_INT_CONVERSION = YES;
				CLANG_WARN_NON_LITERAL_NULL_CONVERSION = YES;
				CLANG_WARN_OBJC_IMPLICIT_RETAIN_SELF = YES;
				CLANG_WARN_OBJC_LITERAL_CONVERSION = YES;
				CLANG_WARN_OBJC_ROOT_CLASS = YES_ERROR;
				CLANG_WARN_QUOTED_INCLUDE_IN_FRAMEWORK_HEADER = YES;
				CLANG_WARN_RANGE_LOOP_ANALYSIS = YES;
				CLANG_WARN_STRICT_PROTOTYPES = YES;
				CLANG_WARN_SUSPICIOUS_MOVE = YES;
				CLANG_WARN_UNGUARDED_AVAILABILITY = YES_AGGRESSIVE;
				CLANG_WARN_UNREACHABLE_CODE = YES;
				CLANG_WARN__DUPLICATE_METHOD_MATCH = YES;
				COPY_PHASE_STRIP = NO;
				DEBUG_INFORMATION_FORMAT = dwarf;
				ENABLE_STRICT_OBJC_MSGSEND = YES;
				ENABLE_TESTABILITY = YES;
				GCC_C_LANGUAGE_STANDARD = gnu11;
				GCC_DYNAMIC_NO_PIC = NO;
				GCC_NO_COMMON_BLOCKS = YES;
				GCC_OPTIMIZATION_LEVEL = 0;
				GCC_PREPROCESSOR_DEFINITIONS = (
					"DEBUG=1",
					"$(inherited)",
				);
				GCC_WARN_64_TO_32_BIT_CONVERSION = YES;
				GCC_WARN_ABOUT_RETURN_TYPE = YES_ERROR;
				GCC_WARN_UNDECLARED_SELECTOR = YES;
				GCC_WARN_UNINITIALIZED_AUTOS = YES_AGGRESSIVE;
				GCC_WARN_UNUSED_FUNCTION = YES;
				GCC_WARN_UNUSED_VARIABLE = YES;
				IPHONEOS_DEPLOYMENT_TARGET = 16.2;
				MTL_ENABLE_DEBUG_INFO = INCLUDE_SOURCE;
				MTL_FAST_MATH = YES;
				ONLY_ACTIVE_ARCH = YES;
				SDKROOT = macosx;
				SWIFT_ACTIVE_COMPILATION_CONDITIONS = DEBUG;
				SWIFT_OPTIMIZATION_LEVEL = "-Onone";
			};
			name = Debug;
		};
		F96C47C629E0118500A0FC30 /* Release */ = {
			isa = XCBuildConfiguration;
			buildSettings = {
				ALWAYS_SEARCH_USER_PATHS = NO;
				CLANG_ANALYZER_NONNULL = YES;
				CLANG_ANALYZER_NUMBER_OBJECT_CONVERSION = YES_AGGRESSIVE;
				CLANG_CXX_LANGUAGE_STANDARD = "gnu++20";
				CLANG_ENABLE_MODULES = YES;
				CLANG_ENABLE_OBJC_ARC = YES;
				CLANG_ENABLE_OBJC_WEAK = YES;
				CLANG_WARN_BLOCK_CAPTURE_AUTORELEASING = YES;
				CLANG_WARN_BOOL_CONVERSION = YES;
				CLANG_WARN_COMMA = YES;
				CLANG_WARN_CONSTANT_CONVERSION = YES;
				CLANG_WARN_DEPRECATED_OBJC_IMPLEMENTATIONS = YES;
				CLANG_WARN_DIRECT_OBJC_ISA_USAGE = YES_ERROR;
				CLANG_WARN_DOCUMENTATION_COMMENTS = YES;
				CLANG_WARN_EMPTY_BODY = YES;
				CLANG_WARN_ENUM_CONVERSION = YES;
				CLANG_WARN_INFINITE_RECURSION = YES;
				CLANG_WARN_INT_CONVERSION = YES;
				CLANG_WARN_NON_LITERAL_NULL_CONVERSION = YES;
				CLANG_WARN_OBJC_IMPLICIT_RETAIN_SELF = YES;
				CLANG_WARN_OBJC_LITERAL_CONVERSION = YES;
				CLANG_WARN_OBJC_ROOT_CLASS = YES_ERROR;
				CLANG_WARN_QUOTED_INCLUDE_IN_FRAMEWORK_HEADER = YES;
				CLANG_WARN_RANGE_LOOP_ANALYSIS = YES;
				CLANG_WARN_STRICT_PROTOTYPES = YES;
				CLANG_WARN_SUSPICIOUS_MOVE = YES;
				CLANG_WARN_UNGUARDED_AVAILABILITY = YES_AGGRESSIVE;
				CLANG_WARN_UNREACHABLE_CODE = YES;
				CLANG_WARN__DUPLICATE_METHOD_MATCH = YES;
				COPY_PHASE_STRIP = NO;
				DEBUG_INFORMATION_FORMAT = "dwarf-with-dsym";
				ENABLE_NS_ASSERTIONS = NO;
				ENABLE_STRICT_OBJC_MSGSEND = YES;
				GCC_C_LANGUAGE_STANDARD = gnu11;
				GCC_NO_COMMON_BLOCKS = YES;
				GCC_WARN_64_TO_32_BIT_CONVERSION = YES;
				GCC_WARN_ABOUT_RETURN_TYPE = YES_ERROR;
				GCC_WARN_UNDECLARED_SELECTOR = YES;
				GCC_WARN_UNINITIALIZED_AUTOS = YES_AGGRESSIVE;
				GCC_WARN_UNUSED_FUNCTION = YES;
				GCC_WARN_UNUSED_VARIABLE = YES;
				IPHONEOS_DEPLOYMENT_TARGET = 16.2;
				MTL_ENABLE_DEBUG_INFO = NO;
				MTL_FAST_MATH = YES;
				SDKROOT = macosx;
				SWIFT_COMPILATION_MODE = wholemodule;
				SWIFT_OPTIMIZATION_LEVEL = "-O";
				VALIDATE_PRODUCT = YES;
			};
			name = Release;
		};
		F96C47C829E0118500A0FC30 /* Debug */ = {
			isa = XCBuildConfiguration;
			buildSettings = {
				ASSETCATALOG_COMPILER_APPICON_NAME = AppIcon;
				ASSETCATALOG_COMPILER_GLOBAL_ACCENT_COLOR_NAME = AccentColor;
				CODE_SIGN_STYLE = Automatic;
				CURRENT_PROJECT_VERSION = 1;
				DEVELOPMENT_ASSET_PATHS = "\"CattleDashboard/Preview Content\"";
				DEVELOPMENT_TEAM = L3A22T43UF;
				ENABLE_PREVIEWS = YES;
				GENERATE_INFOPLIST_FILE = YES;
				INFOPLIST_FILE = CattleDashboard/Info.plist;
				INFOPLIST_KEY_UIApplicationSceneManifest_Generation = YES;
				INFOPLIST_KEY_UIApplicationSupportsIndirectInputEvents = YES;
				INFOPLIST_KEY_UILaunchScreen_Generation = YES;
				INFOPLIST_KEY_UIStatusBarStyle = "";
				INFOPLIST_KEY_UISupportedInterfaceOrientations = "UIInterfaceOrientationLandscapeLeft UIInterfaceOrientationLandscapeRight";
				LD_RUNPATH_SEARCH_PATHS = (
					"$(inherited)",
					"@executable_path/Frameworks",
				);
				MARKETING_VERSION = 1.0;
				PRODUCT_BUNDLE_IDENTIFIER = com.jimin.CattleDashboard;
				PRODUCT_NAME = "$(TARGET_NAME)";
				SWIFT_EMIT_LOC_STRINGS = YES;
				SWIFT_VERSION = 5.0;
				TARGETED_DEVICE_FAMILY = 2;
			};
			name = Debug;
		};
		F96C47C929E0118500A0FC30 /* Release */ = {
			isa = XCBuildConfiguration;
			buildSettings = {
				ASSETCATALOG_COMPILER_APPICON_NAME = AppIcon;
				ASSETCATALOG_COMPILER_GLOBAL_ACCENT_COLOR_NAME = AccentColor;
				CODE_SIGN_STYLE = Automatic;
				CURRENT_PROJECT_VERSION = 1;
				DEVELOPMENT_ASSET_PATHS = "\"CattleDashboard/Preview Content\"";
				DEVELOPMENT_TEAM = L3A22T43UF;
				ENABLE_PREVIEWS = YES;
				GENERATE_INFOPLIST_FILE = YES;
				INFOPLIST_FILE = CattleDashboard/Info.plist;
				INFOPLIST_KEY_UIApplicationSceneManifest_Generation = YES;
				INFOPLIST_KEY_UIApplicationSupportsIndirectInputEvents = YES;
				INFOPLIST_KEY_UILaunchScreen_Generation = YES;
				INFOPLIST_KEY_UIStatusBarStyle = "";
				INFOPLIST_KEY_UISupportedInterfaceOrientations = "UIInterfaceOrientationLandscapeLeft UIInterfaceOrientationLandscapeRight";
				LD_RUNPATH_SEARCH_PATHS = (
					"$(inherited)",
					"@executable_path/Frameworks",
				);
				MARKETING_VERSION = 1.0;
				PRODUCT_BUNDLE_IDENTIFIER = com.jimin.CattleDashboard;
				PRODUCT_NAME = "$(TARGET_NAME)";
				SWIFT_EMIT_LOC_STRINGS = YES;
				SWIFT_VERSION = 5.0;
				TARGETED_DEVICE_FAMILY = 2;
			};
			name = Release;
		};
/* End XCBuildConfiguration section */

/* Begin XCConfigurationList section */
		F96C47B429E0118400A0FC30 /* Build configuration list for PBXProject "CattleDashboard" */ = {
			isa = XCConfigurationList;
			buildConfigurations = (
				F96C47C529E0118500A0FC30 /* Debug */,
				F96C47C629E0118500A0FC30 /* Release */,
			);
			defaultConfigurationIsVisible = 0;
			defaultConfigurationName = Release;
		};
		F96C47C729E0118500A0FC30 /* Build configuration list for PBXNativeTarget "CattleDashboard" */ = {
			isa = XCConfigurationList;
			buildConfigurations = (
				F96C47C829E0118500A0FC30 /* Debug */,
				F96C47C929E0118500A0FC30 /* Release */,
			);
			defaultConfigurationIsVisible = 0;
			defaultConfigurationName = Release;
		};
/* End XCConfigurationList section */

/* Begin XCRemoteSwiftPackageReference section */
		F9411C1529E3F6D0006B7BEC /* XCRemoteSwiftPackageReference "SwiftPieChart" */ = {
			isa = XCRemoteSwiftPackageReference;
			repositoryURL = "https://github.com/ilamanov/SwiftPieChart";
			requirement = {
				kind = upToNextMajorVersion;
				minimumVersion = 1.0.0;
			};
		};
		F96C47CA29E011FA00A0FC30 /* XCRemoteSwiftPackageReference "XMLCoder" */ = {
			isa = XCRemoteSwiftPackageReference;
			repositoryURL = "https://github.com/CoreOffice/XMLCoder.git";
			requirement = {
				branch = main;
				kind = branch;
			};
		};
		F9E1F29D29F9441500F1A1E4 /* XCRemoteSwiftPackageReference "firebase-ios-sdk" */ = {
			isa = XCRemoteSwiftPackageReference;
			repositoryURL = "https://github.com/firebase/firebase-ios-sdk.git";
			requirement = {
				kind = upToNextMajorVersion;
				minimumVersion = 9.0.0;
			};
		};
/* End XCRemoteSwiftPackageReference section */

/* Begin XCSwiftPackageProductDependency section */
		F9411C1629E3F6D0006B7BEC /* SwiftPieChart */ = {
			isa = XCSwiftPackageProductDependency;
			package = F9411C1529E3F6D0006B7BEC /* XCRemoteSwiftPackageReference "SwiftPieChart" */;
			productName = SwiftPieChart;
		};
		F96C47CB29E011FA00A0FC30 /* XMLCoder */ = {
			isa = XCSwiftPackageProductDependency;
			package = F96C47CA29E011FA00A0FC30 /* XCRemoteSwiftPackageReference "XMLCoder" */;
			productName = XMLCoder;
		};
		F9E1F29E29F9441500F1A1E4 /* FirebaseFirestore */ = {
			isa = XCSwiftPackageProductDependency;
			package = F9E1F29D29F9441500F1A1E4 /* XCRemoteSwiftPackageReference "firebase-ios-sdk" */;
			productName = FirebaseFirestore;
		};
		F9E1F2A029F9441500F1A1E4 /* FirebaseFirestoreCombine-Community */ = {
			isa = XCSwiftPackageProductDependency;
			package = F9E1F29D29F9441500F1A1E4 /* XCRemoteSwiftPackageReference "firebase-ios-sdk" */;
			productName = "FirebaseFirestoreCombine-Community";
		};
		F9E1F2A229F9441500F1A1E4 /* FirebaseFirestoreSwift */ = {
			isa = XCSwiftPackageProductDependency;
			package = F9E1F29D29F9441500F1A1E4 /* XCRemoteSwiftPackageReference "firebase-ios-sdk" */;
			productName = FirebaseFirestoreSwift;
		};
		F9E1F2A429F9441500F1A1E4 /* FirebaseStorage */ = {
			isa = XCSwiftPackageProductDependency;
			package = F9E1F29D29F9441500F1A1E4 /* XCRemoteSwiftPackageReference "firebase-ios-sdk" */;
			productName = FirebaseStorage;
		};
		F9E1F2A629F9441500F1A1E4 /* FirebaseStorageCombine-Community */ = {
			isa = XCSwiftPackageProductDependency;
			package = F9E1F29D29F9441500F1A1E4 /* XCRemoteSwiftPackageReference "firebase-ios-sdk" */;
			productName = "FirebaseStorageCombine-Community";
		};
/* End XCSwiftPackageProductDependency section */
	};
	rootObject = F96C47B129E0118400A0FC30 /* Project object */;
}
