// !$*UTF8*$!
{
	archiveVersion = 1;
	classes = {
	};
	objectVersion = 56;
	objects = {

/* Begin PBXBuildFile section */
		F96C47A329E0116400A0FC30 /* CattleClientApp.swift in Sources */ = {isa = PBXBuildFile; fileRef = F96C47A229E0116400A0FC30 /* CattleClientApp.swift */; };
		F96C47A529E0116400A0FC30 /* ContentView.swift in Sources */ = {isa = PBXBuildFile; fileRef = F96C47A429E0116400A0FC30 /* ContentView.swift */; };
		F96C47A729E0116500A0FC30 /* Assets.xcassets in Resources */ = {isa = PBXBuildFile; fileRef = F96C47A629E0116500A0FC30 /* Assets.xcassets */; };
		F96C47AA29E0116500A0FC30 /* Preview Assets.xcassets in Resources */ = {isa = PBXBuildFile; fileRef = F96C47A929E0116500A0FC30 /* Preview Assets.xcassets */; };
		F96C47D829E017ED00A0FC30 /* FirebaseDatabase in Frameworks */ = {isa = PBXBuildFile; productRef = F96C47D729E017ED00A0FC30 /* FirebaseDatabase */; };
		F96C47DA29E017ED00A0FC30 /* FirebaseDatabaseSwift in Frameworks */ = {isa = PBXBuildFile; productRef = F96C47D929E017ED00A0FC30 /* FirebaseDatabaseSwift */; };
		F96C47DC29E017ED00A0FC30 /* FirebaseFirestore in Frameworks */ = {isa = PBXBuildFile; productRef = F96C47DB29E017ED00A0FC30 /* FirebaseFirestore */; };
		F96C47DE29E017ED00A0FC30 /* FirebaseFirestoreCombine-Community in Frameworks */ = {isa = PBXBuildFile; productRef = F96C47DD29E017ED00A0FC30 /* FirebaseFirestoreCombine-Community */; };
		F96C47E029E017ED00A0FC30 /* FirebaseFirestoreSwift in Frameworks */ = {isa = PBXBuildFile; productRef = F96C47DF29E017ED00A0FC30 /* FirebaseFirestoreSwift */; };
		F96C47E229E017ED00A0FC30 /* FirebaseRemoteConfig in Frameworks */ = {isa = PBXBuildFile; productRef = F96C47E129E017ED00A0FC30 /* FirebaseRemoteConfig */; };
		F96C47E429E017ED00A0FC30 /* FirebaseRemoteConfigSwift in Frameworks */ = {isa = PBXBuildFile; productRef = F96C47E329E017ED00A0FC30 /* FirebaseRemoteConfigSwift */; };
		F96C47E629E017ED00A0FC30 /* FirebaseStorage in Frameworks */ = {isa = PBXBuildFile; productRef = F96C47E529E017ED00A0FC30 /* FirebaseStorage */; };
		F96C47E829E017ED00A0FC30 /* FirebaseStorageCombine-Community in Frameworks */ = {isa = PBXBuildFile; productRef = F96C47E729E017ED00A0FC30 /* FirebaseStorageCombine-Community */; };
/* End PBXBuildFile section */

/* Begin PBXFileReference section */
		F96C479F29E0116400A0FC30 /* CattleClient.app */ = {isa = PBXFileReference; explicitFileType = wrapper.application; includeInIndex = 0; path = CattleClient.app; sourceTree = BUILT_PRODUCTS_DIR; };
		F96C47A229E0116400A0FC30 /* CattleClientApp.swift */ = {isa = PBXFileReference; lastKnownFileType = sourcecode.swift; path = CattleClientApp.swift; sourceTree = "<group>"; };
		F96C47A429E0116400A0FC30 /* ContentView.swift */ = {isa = PBXFileReference; lastKnownFileType = sourcecode.swift; path = ContentView.swift; sourceTree = "<group>"; };
		F96C47A629E0116500A0FC30 /* Assets.xcassets */ = {isa = PBXFileReference; lastKnownFileType = folder.assetcatalog; path = Assets.xcassets; sourceTree = "<group>"; };
		F96C47A929E0116500A0FC30 /* Preview Assets.xcassets */ = {isa = PBXFileReference; lastKnownFileType = folder.assetcatalog; path = "Preview Assets.xcassets"; sourceTree = "<group>"; };
/* End PBXFileReference section */

/* Begin PBXFrameworksBuildPhase section */
		F96C479C29E0116400A0FC30 /* Frameworks */ = {
			isa = PBXFrameworksBuildPhase;
			buildActionMask = 2147483647;
			files = (
				F96C47E029E017ED00A0FC30 /* FirebaseFirestoreSwift in Frameworks */,
				F96C47DA29E017ED00A0FC30 /* FirebaseDatabaseSwift in Frameworks */,
				F96C47DE29E017ED00A0FC30 /* FirebaseFirestoreCombine-Community in Frameworks */,
				F96C47E429E017ED00A0FC30 /* FirebaseRemoteConfigSwift in Frameworks */,
				F96C47E229E017ED00A0FC30 /* FirebaseRemoteConfig in Frameworks */,
				F96C47E629E017ED00A0FC30 /* FirebaseStorage in Frameworks */,
				F96C47D829E017ED00A0FC30 /* FirebaseDatabase in Frameworks */,
				F96C47E829E017ED00A0FC30 /* FirebaseStorageCombine-Community in Frameworks */,
				F96C47DC29E017ED00A0FC30 /* FirebaseFirestore in Frameworks */,
			);
			runOnlyForDeploymentPostprocessing = 0;
		};
/* End PBXFrameworksBuildPhase section */

/* Begin PBXGroup section */
		F96C479629E0116400A0FC30 = {
			isa = PBXGroup;
			children = (
				F96C47A129E0116400A0FC30 /* CattleClient */,
				F96C47A029E0116400A0FC30 /* Products */,
			);
			sourceTree = "<group>";
		};
		F96C47A029E0116400A0FC30 /* Products */ = {
			isa = PBXGroup;
			children = (
				F96C479F29E0116400A0FC30 /* CattleClient.app */,
			);
			name = Products;
			sourceTree = "<group>";
		};
		F96C47A129E0116400A0FC30 /* CattleClient */ = {
			isa = PBXGroup;
			children = (
				F96C47A229E0116400A0FC30 /* CattleClientApp.swift */,
				F96C47A429E0116400A0FC30 /* ContentView.swift */,
				F96C47A629E0116500A0FC30 /* Assets.xcassets */,
				F96C47A829E0116500A0FC30 /* Preview Content */,
			);
			path = CattleClient;
			sourceTree = "<group>";
		};
		F96C47A829E0116500A0FC30 /* Preview Content */ = {
			isa = PBXGroup;
			children = (
				F96C47A929E0116500A0FC30 /* Preview Assets.xcassets */,
			);
			path = "Preview Content";
			sourceTree = "<group>";
		};
/* End PBXGroup section */

/* Begin PBXNativeTarget section */
		F96C479E29E0116400A0FC30 /* CattleClient */ = {
			isa = PBXNativeTarget;
			buildConfigurationList = F96C47AD29E0116500A0FC30 /* Build configuration list for PBXNativeTarget "CattleClient" */;
			buildPhases = (
				F96C479B29E0116400A0FC30 /* Sources */,
				F96C479C29E0116400A0FC30 /* Frameworks */,
				F96C479D29E0116400A0FC30 /* Resources */,
			);
			buildRules = (
			);
			dependencies = (
			);
			name = CattleClient;
			packageProductDependencies = (
				F96C47D729E017ED00A0FC30 /* FirebaseDatabase */,
				F96C47D929E017ED00A0FC30 /* FirebaseDatabaseSwift */,
				F96C47DB29E017ED00A0FC30 /* FirebaseFirestore */,
				F96C47DD29E017ED00A0FC30 /* FirebaseFirestoreCombine-Community */,
				F96C47DF29E017ED00A0FC30 /* FirebaseFirestoreSwift */,
				F96C47E129E017ED00A0FC30 /* FirebaseRemoteConfig */,
				F96C47E329E017ED00A0FC30 /* FirebaseRemoteConfigSwift */,
				F96C47E529E017ED00A0FC30 /* FirebaseStorage */,
				F96C47E729E017ED00A0FC30 /* FirebaseStorageCombine-Community */,
			);
			productName = CattleClient;
			productReference = F96C479F29E0116400A0FC30 /* CattleClient.app */;
			productType = "com.apple.product-type.application";
		};
/* End PBXNativeTarget section */

/* Begin PBXProject section */
		F96C479729E0116400A0FC30 /* Project object */ = {
			isa = PBXProject;
			attributes = {
				BuildIndependentTargetsInParallel = 1;
				LastSwiftUpdateCheck = 1420;
				LastUpgradeCheck = 1420;
				TargetAttributes = {
					F96C479E29E0116400A0FC30 = {
						CreatedOnToolsVersion = 14.2;
					};
				};
			};
			buildConfigurationList = F96C479A29E0116400A0FC30 /* Build configuration list for PBXProject "CattleClient" */;
			compatibilityVersion = "Xcode 14.0";
			developmentRegion = en;
			hasScannedForEncodings = 0;
			knownRegions = (
				en,
				Base,
			);
			mainGroup = F96C479629E0116400A0FC30;
			packageReferences = (
				F96C47D629E017ED00A0FC30 /* XCRemoteSwiftPackageReference "firebase-ios-sdk" */,
			);
			productRefGroup = F96C47A029E0116400A0FC30 /* Products */;
			projectDirPath = "";
			projectRoot = "";
			targets = (
				F96C479E29E0116400A0FC30 /* CattleClient */,
			);
		};
/* End PBXProject section */

/* Begin PBXResourcesBuildPhase section */
		F96C479D29E0116400A0FC30 /* Resources */ = {
			isa = PBXResourcesBuildPhase;
			buildActionMask = 2147483647;
			files = (
				F96C47AA29E0116500A0FC30 /* Preview Assets.xcassets in Resources */,
				F96C47A729E0116500A0FC30 /* Assets.xcassets in Resources */,
			);
			runOnlyForDeploymentPostprocessing = 0;
		};
/* End PBXResourcesBuildPhase section */

/* Begin PBXSourcesBuildPhase section */
		F96C479B29E0116400A0FC30 /* Sources */ = {
			isa = PBXSourcesBuildPhase;
			buildActionMask = 2147483647;
			files = (
				F96C47A529E0116400A0FC30 /* ContentView.swift in Sources */,
				F96C47A329E0116400A0FC30 /* CattleClientApp.swift in Sources */,
			);
			runOnlyForDeploymentPostprocessing = 0;
		};
/* End PBXSourcesBuildPhase section */

/* Begin XCBuildConfiguration section */
		F96C47AB29E0116500A0FC30 /* Debug */ = {
			isa = XCBuildConfiguration;
			buildSettings = {
				ALWAYS_SEARCH_USER_PATHS = NO;
				CLANG_ANALYZER_NONNULL = YES;
				CLANG_ANALYZER_NUMBER_OBJECT_CONVERSION = YES_AGGRESSIVE;
				CLANG_CXX_LANGUAGE_STANDARD = "gnu++20";
				CLANG_ENABLE_MODULES = YES;
				CLANG_ENABLE_OBJC_ARC = YES;
				CLANG_ENABLE_OBJC_WEAK = YES;
				CLANG_WARN_BLOCK_CAPTURE_AUTORELEASING = YES;
				CLANG_WARN_BOOL_CONVERSION = YES;
				CLANG_WARN_COMMA = YES;
				CLANG_WARN_CONSTANT_CONVERSION = YES;
				CLANG_WARN_DEPRECATED_OBJC_IMPLEMENTATIONS = YES;
				CLANG_WARN_DIRECT_OBJC_ISA_USAGE = YES_ERROR;
				CLANG_WARN_DOCUMENTATION_COMMENTS = YES;
				CLANG_WARN_EMPTY_BODY = YES;
				CLANG_WARN_ENUM_CONVERSION = YES;
				CLANG_WARN_INFINITE_RECURSION = YES;
				CLANG_WARN_INT_CONVERSION = YES;
				CLANG_WARN_NON_LITERAL_NULL_CONVERSION = YES;
				CLANG_WARN_OBJC_IMPLICIT_RETAIN_SELF = YES;
				CLANG_WARN_OBJC_LITERAL_CONVERSION = YES;
				CLANG_WARN_OBJC_ROOT_CLASS = YES_ERROR;
				CLANG_WARN_QUOTED_INCLUDE_IN_FRAMEWORK_HEADER = YES;
				CLANG_WARN_RANGE_LOOP_ANALYSIS = YES;
				CLANG_WARN_STRICT_PROTOTYPES = YES;
				CLANG_WARN_SUSPICIOUS_MOVE = YES;
				CLANG_WARN_UNGUARDED_AVAILABILITY = YES_AGGRESSIVE;
				CLANG_WARN_UNREACHABLE_CODE = YES;
				CLANG_WARN__DUPLICATE_METHOD_MATCH = YES;
				COPY_PHASE_STRIP = NO;
				DEBUG_INFORMATION_FORMAT = dwarf;
				ENABLE_STRICT_OBJC_MSGSEND = YES;
				ENABLE_TESTABILITY = YES;
				GCC_C_LANGUAGE_STANDARD = gnu11;
				GCC_DYNAMIC_NO_PIC = NO;
				GCC_NO_COMMON_BLOCKS = YES;
				GCC_OPTIMIZATION_LEVEL = 0;
				GCC_PREPROCESSOR_DEFINITIONS = (
					"DEBUG=1",
					"$(inherited)",
				);
				GCC_WARN_64_TO_32_BIT_CONVERSION = YES;
				GCC_WARN_ABOUT_RETURN_TYPE = YES_ERROR;
				GCC_WARN_UNDECLARED_SELECTOR = YES;
				GCC_WARN_UNINITIALIZED_AUTOS = YES_AGGRESSIVE;
				GCC_WARN_UNUSED_FUNCTION = YES;
				GCC_WARN_UNUSED_VARIABLE = YES;
				IPHONEOS_DEPLOYMENT_TARGET = 16.2;
				MTL_ENABLE_DEBUG_INFO = INCLUDE_SOURCE;
				MTL_FAST_MATH = YES;
				ONLY_ACTIVE_ARCH = YES;
				SDKROOT = iphoneos;
				SWIFT_ACTIVE_COMPILATION_CONDITIONS = DEBUG;
				SWIFT_OPTIMIZATION_LEVEL = "-Onone";
			};
			name = Debug;
		};
		F96C47AC29E0116500A0FC30 /* Release */ = {
			isa = XCBuildConfiguration;
			buildSettings = {
				ALWAYS_SEARCH_USER_PATHS = NO;
				CLANG_ANALYZER_NONNULL = YES;
				CLANG_ANALYZER_NUMBER_OBJECT_CONVERSION = YES_AGGRESSIVE;
				CLANG_CXX_LANGUAGE_STANDARD = "gnu++20";
				CLANG_ENABLE_MODULES = YES;
				CLANG_ENABLE_OBJC_ARC = YES;
				CLANG_ENABLE_OBJC_WEAK = YES;
				CLANG_WARN_BLOCK_CAPTURE_AUTORELEASING = YES;
				CLANG_WARN_BOOL_CONVERSION = YES;
				CLANG_WARN_COMMA = YES;
				CLANG_WARN_CONSTANT_CONVERSION = YES;
				CLANG_WARN_DEPRECATED_OBJC_IMPLEMENTATIONS = YES;
				CLANG_WARN_DIRECT_OBJC_ISA_USAGE = YES_ERROR;
				CLANG_WARN_DOCUMENTATION_COMMENTS = YES;
				CLANG_WARN_EMPTY_BODY = YES;
				CLANG_WARN_ENUM_CONVERSION = YES;
				CLANG_WARN_INFINITE_RECURSION = YES;
				CLANG_WARN_INT_CONVERSION = YES;
				CLANG_WARN_NON_LITERAL_NULL_CONVERSION = YES;
				CLANG_WARN_OBJC_IMPLICIT_RETAIN_SELF = YES;
				CLANG_WARN_OBJC_LITERAL_CONVERSION = YES;
				CLANG_WARN_OBJC_ROOT_CLASS = YES_ERROR;
				CLANG_WARN_QUOTED_INCLUDE_IN_FRAMEWORK_HEADER = YES;
				CLANG_WARN_RANGE_LOOP_ANALYSIS = YES;
				CLANG_WARN_STRICT_PROTOTYPES = YES;
				CLANG_WARN_SUSPICIOUS_MOVE = YES;
				CLANG_WARN_UNGUARDED_AVAILABILITY = YES_AGGRESSIVE;
				CLANG_WARN_UNREACHABLE_CODE = YES;
				CLANG_WARN__DUPLICATE_METHOD_MATCH = YES;
				COPY_PHASE_STRIP = NO;
				DEBUG_INFORMATION_FORMAT = "dwarf-with-dsym";
				ENABLE_NS_ASSERTIONS = NO;
				ENABLE_STRICT_OBJC_MSGSEND = YES;
				GCC_C_LANGUAGE_STANDARD = gnu11;
				GCC_NO_COMMON_BLOCKS = YES;
				GCC_WARN_64_TO_32_BIT_CONVERSION = YES;
				GCC_WARN_ABOUT_RETURN_TYPE = YES_ERROR;
				GCC_WARN_UNDECLARED_SELECTOR = YES;
				GCC_WARN_UNINITIALIZED_AUTOS = YES_AGGRESSIVE;
				GCC_WARN_UNUSED_FUNCTION = YES;
				GCC_WARN_UNUSED_VARIABLE = YES;
				IPHONEOS_DEPLOYMENT_TARGET = 16.2;
				MTL_ENABLE_DEBUG_INFO = NO;
				MTL_FAST_MATH = YES;
				SDKROOT = iphoneos;
				SWIFT_COMPILATION_MODE = wholemodule;
				SWIFT_OPTIMIZATION_LEVEL = "-O";
				VALIDATE_PRODUCT = YES;
			};
			name = Release;
		};
		F96C47AE29E0116500A0FC30 /* Debug */ = {
			isa = XCBuildConfiguration;
			buildSettings = {
				ASSETCATALOG_COMPILER_APPICON_NAME = AppIcon;
				ASSETCATALOG_COMPILER_GLOBAL_ACCENT_COLOR_NAME = AccentColor;
				CODE_SIGN_STYLE = Automatic;
				CURRENT_PROJECT_VERSION = 1;
				DEVELOPMENT_ASSET_PATHS = "\"CattleClient/Preview Content\"";
				DEVELOPMENT_TEAM = L3A22T43UF;
				ENABLE_PREVIEWS = YES;
				GENERATE_INFOPLIST_FILE = YES;
				INFOPLIST_KEY_UIApplicationSceneManifest_Generation = YES;
				INFOPLIST_KEY_UIApplicationSupportsIndirectInputEvents = YES;
				INFOPLIST_KEY_UILaunchScreen_Generation = YES;
				INFOPLIST_KEY_UISupportedInterfaceOrientations_iPad = "UIInterfaceOrientationPortrait UIInterfaceOrientationPortraitUpsideDown UIInterfaceOrientationLandscapeLeft UIInterfaceOrientationLandscapeRight";
				INFOPLIST_KEY_UISupportedInterfaceOrientations_iPhone = "UIInterfaceOrientationPortrait UIInterfaceOrientationLandscapeLeft UIInterfaceOrientationLandscapeRight";
				LD_RUNPATH_SEARCH_PATHS = (
					"$(inherited)",
					"@executable_path/Frameworks",
				);
				MARKETING_VERSION = 1.0;
				PRODUCT_BUNDLE_IDENTIFIER = com.jimin.CattleClient;
				PRODUCT_NAME = "$(TARGET_NAME)";
				SWIFT_EMIT_LOC_STRINGS = YES;
				SWIFT_VERSION = 5.0;
				TARGETED_DEVICE_FAMILY = "1,2";
			};
			name = Debug;
		};
		F96C47AF29E0116500A0FC30 /* Release */ = {
			isa = XCBuildConfiguration;
			buildSettings = {
				ASSETCATALOG_COMPILER_APPICON_NAME = AppIcon;
				ASSETCATALOG_COMPILER_GLOBAL_ACCENT_COLOR_NAME = AccentColor;
				CODE_SIGN_STYLE = Automatic;
				CURRENT_PROJECT_VERSION = 1;
				DEVELOPMENT_ASSET_PATHS = "\"CattleClient/Preview Content\"";
				DEVELOPMENT_TEAM = L3A22T43UF;
				ENABLE_PREVIEWS = YES;
				GENERATE_INFOPLIST_FILE = YES;
				INFOPLIST_KEY_UIApplicationSceneManifest_Generation = YES;
				INFOPLIST_KEY_UIApplicationSupportsIndirectInputEvents = YES;
				INFOPLIST_KEY_UILaunchScreen_Generation = YES;
				INFOPLIST_KEY_UISupportedInterfaceOrientations_iPad = "UIInterfaceOrientationPortrait UIInterfaceOrientationPortraitUpsideDown UIInterfaceOrientationLandscapeLeft UIInterfaceOrientationLandscapeRight";
				INFOPLIST_KEY_UISupportedInterfaceOrientations_iPhone = "UIInterfaceOrientationPortrait UIInterfaceOrientationLandscapeLeft UIInterfaceOrientationLandscapeRight";
				LD_RUNPATH_SEARCH_PATHS = (
					"$(inherited)",
					"@executable_path/Frameworks",
				);
				MARKETING_VERSION = 1.0;
				PRODUCT_BUNDLE_IDENTIFIER = com.jimin.CattleClient;
				PRODUCT_NAME = "$(TARGET_NAME)";
				SWIFT_EMIT_LOC_STRINGS = YES;
				SWIFT_VERSION = 5.0;
				TARGETED_DEVICE_FAMILY = "1,2";
			};
			name = Release;
		};
/* End XCBuildConfiguration section */

/* Begin XCConfigurationList section */
		F96C479A29E0116400A0FC30 /* Build configuration list for PBXProject "CattleClient" */ = {
			isa = XCConfigurationList;
			buildConfigurations = (
				F96C47AB29E0116500A0FC30 /* Debug */,
				F96C47AC29E0116500A0FC30 /* Release */,
			);
			defaultConfigurationIsVisible = 0;
			defaultConfigurationName = Release;
		};
		F96C47AD29E0116500A0FC30 /* Build configuration list for PBXNativeTarget "CattleClient" */ = {
			isa = XCConfigurationList;
			buildConfigurations = (
				F96C47AE29E0116500A0FC30 /* Debug */,
				F96C47AF29E0116500A0FC30 /* Release */,
			);
			defaultConfigurationIsVisible = 0;
			defaultConfigurationName = Release;
		};
/* End XCConfigurationList section */

/* Begin XCRemoteSwiftPackageReference section */
		F96C47D629E017ED00A0FC30 /* XCRemoteSwiftPackageReference "firebase-ios-sdk" */ = {
			isa = XCRemoteSwiftPackageReference;
			repositoryURL = "https://github.com/firebase/firebase-ios-sdk.git";
			requirement = {
				kind = upToNextMajorVersion;
				minimumVersion = 9.0.0;
			};
		};
/* End XCRemoteSwiftPackageReference section */

/* Begin XCSwiftPackageProductDependency section */
		F96C47D729E017ED00A0FC30 /* FirebaseDatabase */ = {
			isa = XCSwiftPackageProductDependency;
			package = F96C47D629E017ED00A0FC30 /* XCRemoteSwiftPackageReference "firebase-ios-sdk" */;
			productName = FirebaseDatabase;
		};
		F96C47D929E017ED00A0FC30 /* FirebaseDatabaseSwift */ = {
			isa = XCSwiftPackageProductDependency;
			package = F96C47D629E017ED00A0FC30 /* XCRemoteSwiftPackageReference "firebase-ios-sdk" */;
			productName = FirebaseDatabaseSwift;
		};
		F96C47DB29E017ED00A0FC30 /* FirebaseFirestore */ = {
			isa = XCSwiftPackageProductDependency;
			package = F96C47D629E017ED00A0FC30 /* XCRemoteSwiftPackageReference "firebase-ios-sdk" */;
			productName = FirebaseFirestore;
		};
		F96C47DD29E017ED00A0FC30 /* FirebaseFirestoreCombine-Community */ = {
			isa = XCSwiftPackageProductDependency;
			package = F96C47D629E017ED00A0FC30 /* XCRemoteSwiftPackageReference "firebase-ios-sdk" */;
			productName = "FirebaseFirestoreCombine-Community";
		};
		F96C47DF29E017ED00A0FC30 /* FirebaseFirestoreSwift */ = {
			isa = XCSwiftPackageProductDependency;
			package = F96C47D629E017ED00A0FC30 /* XCRemoteSwiftPackageReference "firebase-ios-sdk" */;
			productName = FirebaseFirestoreSwift;
		};
		F96C47E129E017ED00A0FC30 /* FirebaseRemoteConfig */ = {
			isa = XCSwiftPackageProductDependency;
			package = F96C47D629E017ED00A0FC30 /* XCRemoteSwiftPackageReference "firebase-ios-sdk" */;
			productName = FirebaseRemoteConfig;
		};
		F96C47E329E017ED00A0FC30 /* FirebaseRemoteConfigSwift */ = {
			isa = XCSwiftPackageProductDependency;
			package = F96C47D629E017ED00A0FC30 /* XCRemoteSwiftPackageReference "firebase-ios-sdk" */;
			productName = FirebaseRemoteConfigSwift;
		};
		F96C47E529E017ED00A0FC30 /* FirebaseStorage */ = {
			isa = XCSwiftPackageProductDependency;
			package = F96C47D629E017ED00A0FC30 /* XCRemoteSwiftPackageReference "firebase-ios-sdk" */;
			productName = FirebaseStorage;
		};
		F96C47E729E017ED00A0FC30 /* FirebaseStorageCombine-Community */ = {
			isa = XCSwiftPackageProductDependency;
			package = F96C47D629E017ED00A0FC30 /* XCRemoteSwiftPackageReference "firebase-ios-sdk" */;
			productName = "FirebaseStorageCombine-Community";
		};
/* End XCSwiftPackageProductDependency section */
	};
	rootObject = F96C479729E0116400A0FC30 /* Project object */;
}
